// !$*UTF8*$!
{
	archiveVersion = 1;
	classes = {
	};
	objectVersion = 56;
	objects = {

/* Begin PBXBuildFile section */
		D96C46B42BD54855000DA2D2 /* WishlistsApp.swift in Sources */ = {isa = PBXBuildFile; fileRef = D96C46B32BD54855000DA2D2 /* WishlistsApp.swift */; };
		D96C46B62BD54855000DA2D2 /* HomeView.swift in Sources */ = {isa = PBXBuildFile; fileRef = D96C46B52BD54855000DA2D2 /* HomeView.swift */; };
		D96C46B82BD54856000DA2D2 /* Assets.xcassets in Resources */ = {isa = PBXBuildFile; fileRef = D96C46B72BD54856000DA2D2 /* Assets.xcassets */; };
		D96C46BB2BD54856000DA2D2 /* Preview Assets.xcassets in Resources */ = {isa = PBXBuildFile; fileRef = D96C46BA2BD54856000DA2D2 /* Preview Assets.xcassets */; };
		D96C46C52BD54856000DA2D2 /* WishlistsTests.swift in Sources */ = {isa = PBXBuildFile; fileRef = D96C46C42BD54856000DA2D2 /* WishlistsTests.swift */; };
		D96C46CF2BD54856000DA2D2 /* WishlistsUITests.swift in Sources */ = {isa = PBXBuildFile; fileRef = D96C46CE2BD54856000DA2D2 /* WishlistsUITests.swift */; };
		D96C46D12BD54856000DA2D2 /* WishlistsUITestsLaunchTests.swift in Sources */ = {isa = PBXBuildFile; fileRef = D96C46D02BD54856000DA2D2 /* WishlistsUITestsLaunchTests.swift */; };
		D96C46DE2BD551DE000DA2D2 /* ListModel.swift in Sources */ = {isa = PBXBuildFile; fileRef = D96C46DD2BD551DE000DA2D2 /* ListModel.swift */; };
		D96C46E02BD552E8000DA2D2 /* WishListView.swift in Sources */ = {isa = PBXBuildFile; fileRef = D96C46DF2BD552E8000DA2D2 /* WishListView.swift */; };
		D96C46E22BD552F9000DA2D2 /* ProductDetailView.swift in Sources */ = {isa = PBXBuildFile; fileRef = D96C46E12BD552F9000DA2D2 /* ProductDetailView.swift */; };
		D96C46E82BD554EE000DA2D2 /* ProductCardView.swift in Sources */ = {isa = PBXBuildFile; fileRef = D96C46E72BD554EE000DA2D2 /* ProductCardView.swift */; };
		D96C46EB2BD55C2D000DA2D2 /* ListCellView.swift in Sources */ = {isa = PBXBuildFile; fileRef = D96C46EA2BD55C2D000DA2D2 /* ListCellView.swift */; };
		D96C46ED2BD56FF6000DA2D2 /* NewListDetailView.swift in Sources */ = {isa = PBXBuildFile; fileRef = D96C46EC2BD56FF6000DA2D2 /* NewListDetailView.swift */; };
		D96C46EF2BD80D18000DA2D2 /* AddNewProductDetailView.swift in Sources */ = {isa = PBXBuildFile; fileRef = D96C46EE2BD80D18000DA2D2 /* AddNewProductDetailView.swift */; };
		D96C46F32BDA8EAE000DA2D2 /* ProductItemList.swift in Sources */ = {isa = PBXBuildFile; fileRef = D96C46F22BDA8EAE000DA2D2 /* ProductItemList.swift */; };
		D96C46F52BDA9337000DA2D2 /* WishListViewModel.swift in Sources */ = {isa = PBXBuildFile; fileRef = D96C46F42BDA9337000DA2D2 /* WishListViewModel.swift */; };
		D96C46F72BDAB538000DA2D2 /* DeleteProductsView.swift in Sources */ = {isa = PBXBuildFile; fileRef = D96C46F62BDAB538000DA2D2 /* DeleteProductsView.swift */; };
/* End PBXBuildFile section */

/* Begin PBXContainerItemProxy section */
		D96C46C12BD54856000DA2D2 /* PBXContainerItemProxy */ = {
			isa = PBXContainerItemProxy;
			containerPortal = D96C46A82BD54855000DA2D2 /* Project object */;
			proxyType = 1;
			remoteGlobalIDString = D96C46AF2BD54855000DA2D2;
			remoteInfo = Wishlists;
		};
		D96C46CB2BD54856000DA2D2 /* PBXContainerItemProxy */ = {
			isa = PBXContainerItemProxy;
			containerPortal = D96C46A82BD54855000DA2D2 /* Project object */;
			proxyType = 1;
			remoteGlobalIDString = D96C46AF2BD54855000DA2D2;
			remoteInfo = Wishlists;
		};
/* End PBXContainerItemProxy section */

/* Begin PBXFileReference section */
		D96C46B02BD54855000DA2D2 /* Wishlists.app */ = {isa = PBXFileReference; explicitFileType = wrapper.application; includeInIndex = 0; path = Wishlists.app; sourceTree = BUILT_PRODUCTS_DIR; };
		D96C46B32BD54855000DA2D2 /* WishlistsApp.swift */ = {isa = PBXFileReference; lastKnownFileType = sourcecode.swift; path = WishlistsApp.swift; sourceTree = "<group>"; };
		D96C46B52BD54855000DA2D2 /* HomeView.swift */ = {isa = PBXFileReference; lastKnownFileType = sourcecode.swift; path = HomeView.swift; sourceTree = "<group>"; };
		D96C46B72BD54856000DA2D2 /* Assets.xcassets */ = {isa = PBXFileReference; lastKnownFileType = folder.assetcatalog; path = Assets.xcassets; sourceTree = "<group>"; };
		D96C46BA2BD54856000DA2D2 /* Preview Assets.xcassets */ = {isa = PBXFileReference; lastKnownFileType = folder.assetcatalog; path = "Preview Assets.xcassets"; sourceTree = "<group>"; };
		D96C46C02BD54856000DA2D2 /* WishlistsTests.xctest */ = {isa = PBXFileReference; explicitFileType = wrapper.cfbundle; includeInIndex = 0; path = WishlistsTests.xctest; sourceTree = BUILT_PRODUCTS_DIR; };
		D96C46C42BD54856000DA2D2 /* WishlistsTests.swift */ = {isa = PBXFileReference; lastKnownFileType = sourcecode.swift; path = WishlistsTests.swift; sourceTree = "<group>"; };
		D96C46CA2BD54856000DA2D2 /* WishlistsUITests.xctest */ = {isa = PBXFileReference; explicitFileType = wrapper.cfbundle; includeInIndex = 0; path = WishlistsUITests.xctest; sourceTree = BUILT_PRODUCTS_DIR; };
		D96C46CE2BD54856000DA2D2 /* WishlistsUITests.swift */ = {isa = PBXFileReference; lastKnownFileType = sourcecode.swift; path = WishlistsUITests.swift; sourceTree = "<group>"; };
		D96C46D02BD54856000DA2D2 /* WishlistsUITestsLaunchTests.swift */ = {isa = PBXFileReference; lastKnownFileType = sourcecode.swift; path = WishlistsUITestsLaunchTests.swift; sourceTree = "<group>"; };
		D96C46DD2BD551DE000DA2D2 /* ListModel.swift */ = {isa = PBXFileReference; lastKnownFileType = sourcecode.swift; path = ListModel.swift; sourceTree = "<group>"; };
		D96C46DF2BD552E8000DA2D2 /* WishListView.swift */ = {isa = PBXFileReference; lastKnownFileType = sourcecode.swift; path = WishListView.swift; sourceTree = "<group>"; };
		D96C46E12BD552F9000DA2D2 /* ProductDetailView.swift */ = {isa = PBXFileReference; lastKnownFileType = sourcecode.swift; path = ProductDetailView.swift; sourceTree = "<group>"; };
		D96C46E72BD554EE000DA2D2 /* ProductCardView.swift */ = {isa = PBXFileReference; lastKnownFileType = sourcecode.swift; path = ProductCardView.swift; sourceTree = "<group>"; };
		D96C46EA2BD55C2D000DA2D2 /* ListCellView.swift */ = {isa = PBXFileReference; lastKnownFileType = sourcecode.swift; path = ListCellView.swift; sourceTree = "<group>"; };
		D96C46EC2BD56FF6000DA2D2 /* NewListDetailView.swift */ = {isa = PBXFileReference; lastKnownFileType = sourcecode.swift; path = NewListDetailView.swift; sourceTree = "<group>"; };
		D96C46EE2BD80D18000DA2D2 /* AddNewProductDetailView.swift */ = {isa = PBXFileReference; lastKnownFileType = sourcecode.swift; path = AddNewProductDetailView.swift; sourceTree = "<group>"; };
		D96C46F22BDA8EAE000DA2D2 /* ProductItemList.swift */ = {isa = PBXFileReference; lastKnownFileType = sourcecode.swift; path = ProductItemList.swift; sourceTree = "<group>"; };
		D96C46F42BDA9337000DA2D2 /* WishListViewModel.swift */ = {isa = PBXFileReference; lastKnownFileType = sourcecode.swift; path = WishListViewModel.swift; sourceTree = "<group>"; };
		D96C46F62BDAB538000DA2D2 /* DeleteProductsView.swift */ = {isa = PBXFileReference; lastKnownFileType = sourcecode.swift; path = DeleteProductsView.swift; sourceTree = "<group>"; };
/* End PBXFileReference section */

/* Begin PBXFrameworksBuildPhase section */
		D96C46AD2BD54855000DA2D2 /* Frameworks */ = {
			isa = PBXFrameworksBuildPhase;
			buildActionMask = 2147483647;
			files = (
			);
			runOnlyForDeploymentPostprocessing = 0;
		};
		D96C46BD2BD54856000DA2D2 /* Frameworks */ = {
			isa = PBXFrameworksBuildPhase;
			buildActionMask = 2147483647;
			files = (
			);
			runOnlyForDeploymentPostprocessing = 0;
		};
		D96C46C72BD54856000DA2D2 /* Frameworks */ = {
			isa = PBXFrameworksBuildPhase;
			buildActionMask = 2147483647;
			files = (
			);
			runOnlyForDeploymentPostprocessing = 0;
		};
/* End PBXFrameworksBuildPhase section */

/* Begin PBXGroup section */
		D96C46A72BD54855000DA2D2 = {
			isa = PBXGroup;
			children = (
				D96C46B22BD54855000DA2D2 /* Wishlists */,
				D96C46C32BD54856000DA2D2 /* WishlistsTests */,
				D96C46CD2BD54856000DA2D2 /* WishlistsUITests */,
				D96C46B12BD54855000DA2D2 /* Products */,
			);
			sourceTree = "<group>";
		};
		D96C46B12BD54855000DA2D2 /* Products */ = {
			isa = PBXGroup;
			children = (
				D96C46B02BD54855000DA2D2 /* Wishlists.app */,
				D96C46C02BD54856000DA2D2 /* WishlistsTests.xctest */,
				D96C46CA2BD54856000DA2D2 /* WishlistsUITests.xctest */,
			);
			name = Products;
			sourceTree = "<group>";
		};
		D96C46B22BD54855000DA2D2 /* Wishlists */ = {
			isa = PBXGroup;
			children = (
				D96C46B32BD54855000DA2D2 /* WishlistsApp.swift */,
				D96C46B72BD54856000DA2D2 /* Assets.xcassets */,
				D96C46B92BD54856000DA2D2 /* Preview Content */,
				D96C46E52BD55497000DA2D2 /* Models */,
				D96C46E42BD55486000DA2D2 /* HomeView */,
				D96C46E32BD55469000DA2D2 /* WishListView */,
				D96C46E62BD554A4000DA2D2 /* ProductDetailView */,
				D96C46E92BD554F5000DA2D2 /* Components */,
				D96C46EC2BD56FF6000DA2D2 /* NewListDetailView.swift */,
				D96C46EE2BD80D18000DA2D2 /* AddNewProductDetailView.swift */,
				D96C46F42BDA9337000DA2D2 /* WishListViewModel.swift */,
			);
			path = Wishlists;
			sourceTree = "<group>";
		};
		D96C46B92BD54856000DA2D2 /* Preview Content */ = {
			isa = PBXGroup;
			children = (
				D96C46BA2BD54856000DA2D2 /* Preview Assets.xcassets */,
			);
			path = "Preview Content";
			sourceTree = "<group>";
		};
		D96C46C32BD54856000DA2D2 /* WishlistsTests */ = {
			isa = PBXGroup;
			children = (
				D96C46C42BD54856000DA2D2 /* WishlistsTests.swift */,
			);
			path = WishlistsTests;
			sourceTree = "<group>";
		};
		D96C46CD2BD54856000DA2D2 /* WishlistsUITests */ = {
			isa = PBXGroup;
			children = (
				D96C46CE2BD54856000DA2D2 /* WishlistsUITests.swift */,
				D96C46D02BD54856000DA2D2 /* WishlistsUITestsLaunchTests.swift */,
			);
			path = WishlistsUITests;
			sourceTree = "<group>";
		};
		D96C46E32BD55469000DA2D2 /* WishListView */ = {
			isa = PBXGroup;
			children = (
				D96C46DF2BD552E8000DA2D2 /* WishListView.swift */,
				D96C46F22BDA8EAE000DA2D2 /* ProductItemList.swift */,
				D96C46F62BDAB538000DA2D2 /* DeleteProductsView.swift */,
			);
			path = WishListView;
			sourceTree = "<group>";
		};
		D96C46E42BD55486000DA2D2 /* HomeView */ = {
			isa = PBXGroup;
			children = (
				D96C46B52BD54855000DA2D2 /* HomeView.swift */,
			);
			path = HomeView;
			sourceTree = "<group>";
		};
		D96C46E52BD55497000DA2D2 /* Models */ = {
			isa = PBXGroup;
			children = (
				D96C46DD2BD551DE000DA2D2 /* ListModel.swift */,
			);
			path = Models;
			sourceTree = "<group>";
		};
		D96C46E62BD554A4000DA2D2 /* ProductDetailView */ = {
			isa = PBXGroup;
			children = (
				D96C46E12BD552F9000DA2D2 /* ProductDetailView.swift */,
			);
			path = ProductDetailView;
			sourceTree = "<group>";
		};
		D96C46E92BD554F5000DA2D2 /* Components */ = {
			isa = PBXGroup;
			children = (
				D96C46E72BD554EE000DA2D2 /* ProductCardView.swift */,
				D96C46EA2BD55C2D000DA2D2 /* ListCellView.swift */,
			);
			path = Components;
			sourceTree = "<group>";
		};
/* End PBXGroup section */

/* Begin PBXNativeTarget section */
		D96C46AF2BD54855000DA2D2 /* Wishlists */ = {
			isa = PBXNativeTarget;
			buildConfigurationList = D96C46D42BD54856000DA2D2 /* Build configuration list for PBXNativeTarget "Wishlists" */;
			buildPhases = (
				D96C46AC2BD54855000DA2D2 /* Sources */,
				D96C46AD2BD54855000DA2D2 /* Frameworks */,
				D96C46AE2BD54855000DA2D2 /* Resources */,
			);
			buildRules = (
			);
			dependencies = (
			);
			name = Wishlists;
			productName = Wishlists;
			productReference = D96C46B02BD54855000DA2D2 /* Wishlists.app */;
			productType = "com.apple.product-type.application";
		};
		D96C46BF2BD54856000DA2D2 /* WishlistsTests */ = {
			isa = PBXNativeTarget;
			buildConfigurationList = D96C46D72BD54856000DA2D2 /* Build configuration list for PBXNativeTarget "WishlistsTests" */;
			buildPhases = (
				D96C46BC2BD54856000DA2D2 /* Sources */,
				D96C46BD2BD54856000DA2D2 /* Frameworks */,
				D96C46BE2BD54856000DA2D2 /* Resources */,
			);
			buildRules = (
			);
			dependencies = (
				D96C46C22BD54856000DA2D2 /* PBXTargetDependency */,
			);
			name = WishlistsTests;
			productName = WishlistsTests;
			productReference = D96C46C02BD54856000DA2D2 /* WishlistsTests.xctest */;
			productType = "com.apple.product-type.bundle.unit-test";
		};
		D96C46C92BD54856000DA2D2 /* WishlistsUITests */ = {
			isa = PBXNativeTarget;
			buildConfigurationList = D96C46DA2BD54856000DA2D2 /* Build configuration list for PBXNativeTarget "WishlistsUITests" */;
			buildPhases = (
				D96C46C62BD54856000DA2D2 /* Sources */,
				D96C46C72BD54856000DA2D2 /* Frameworks */,
				D96C46C82BD54856000DA2D2 /* Resources */,
			);
			buildRules = (
			);
			dependencies = (
				D96C46CC2BD54856000DA2D2 /* PBXTargetDependency */,
			);
			name = WishlistsUITests;
			productName = WishlistsUITests;
			productReference = D96C46CA2BD54856000DA2D2 /* WishlistsUITests.xctest */;
			productType = "com.apple.product-type.bundle.ui-testing";
		};
/* End PBXNativeTarget section */

/* Begin PBXProject section */
		D96C46A82BD54855000DA2D2 /* Project object */ = {
			isa = PBXProject;
			attributes = {
				BuildIndependentTargetsInParallel = 1;
				LastSwiftUpdateCheck = 1500;
				LastUpgradeCheck = 1500;
				TargetAttributes = {
					D96C46AF2BD54855000DA2D2 = {
						CreatedOnToolsVersion = 15.0;
					};
					D96C46BF2BD54856000DA2D2 = {
						CreatedOnToolsVersion = 15.0;
						TestTargetID = D96C46AF2BD54855000DA2D2;
					};
					D96C46C92BD54856000DA2D2 = {
						CreatedOnToolsVersion = 15.0;
						TestTargetID = D96C46AF2BD54855000DA2D2;
					};
				};
			};
			buildConfigurationList = D96C46AB2BD54855000DA2D2 /* Build configuration list for PBXProject "Wishlists" */;
			compatibilityVersion = "Xcode 14.0";
			developmentRegion = en;
			hasScannedForEncodings = 0;
			knownRegions = (
				en,
				Base,
			);
			mainGroup = D96C46A72BD54855000DA2D2;
			productRefGroup = D96C46B12BD54855000DA2D2 /* Products */;
			projectDirPath = "";
			projectRoot = "";
			targets = (
				D96C46AF2BD54855000DA2D2 /* Wishlists */,
				D96C46BF2BD54856000DA2D2 /* WishlistsTests */,
				D96C46C92BD54856000DA2D2 /* WishlistsUITests */,
			);
		};
/* End PBXProject section */

/* Begin PBXResourcesBuildPhase section */
		D96C46AE2BD54855000DA2D2 /* Resources */ = {
			isa = PBXResourcesBuildPhase;
			buildActionMask = 2147483647;
			files = (
				D96C46BB2BD54856000DA2D2 /* Preview Assets.xcassets in Resources */,
				D96C46B82BD54856000DA2D2 /* Assets.xcassets in Resources */,
			);
			runOnlyForDeploymentPostprocessing = 0;
		};
		D96C46BE2BD54856000DA2D2 /* Resources */ = {
			isa = PBXResourcesBuildPhase;
			buildActionMask = 2147483647;
			files = (
			);
			runOnlyForDeploymentPostprocessing = 0;
		};
		D96C46C82BD54856000DA2D2 /* Resources */ = {
			isa = PBXResourcesBuildPhase;
			buildActionMask = 2147483647;
			files = (
			);
			runOnlyForDeploymentPostprocessing = 0;
		};
/* End PBXResourcesBuildPhase section */

/* Begin PBXSourcesBuildPhase section */
		D96C46AC2BD54855000DA2D2 /* Sources */ = {
			isa = PBXSourcesBuildPhase;
			buildActionMask = 2147483647;
			files = (
				D96C46DE2BD551DE000DA2D2 /* ListModel.swift in Sources */,
				D96C46F72BDAB538000DA2D2 /* DeleteProductsView.swift in Sources */,
				D96C46F52BDA9337000DA2D2 /* WishListViewModel.swift in Sources */,
				D96C46EB2BD55C2D000DA2D2 /* ListCellView.swift in Sources */,
				D96C46E82BD554EE000DA2D2 /* ProductCardView.swift in Sources */,
				D96C46E22BD552F9000DA2D2 /* ProductDetailView.swift in Sources */,
				D96C46F32BDA8EAE000DA2D2 /* ProductItemList.swift in Sources */,
				D96C46B62BD54855000DA2D2 /* HomeView.swift in Sources */,
				D96C46EF2BD80D18000DA2D2 /* AddNewProductDetailView.swift in Sources */,
				D96C46B42BD54855000DA2D2 /* WishlistsApp.swift in Sources */,
				D96C46ED2BD56FF6000DA2D2 /* NewListDetailView.swift in Sources */,
				D96C46E02BD552E8000DA2D2 /* WishListView.swift in Sources */,
			);
			runOnlyForDeploymentPostprocessing = 0;
		};
		D96C46BC2BD54856000DA2D2 /* Sources */ = {
			isa = PBXSourcesBuildPhase;
			buildActionMask = 2147483647;
			files = (
				D96C46C52BD54856000DA2D2 /* WishlistsTests.swift in Sources */,
			);
			runOnlyForDeploymentPostprocessing = 0;
		};
		D96C46C62BD54856000DA2D2 /* Sources */ = {
			isa = PBXSourcesBuildPhase;
			buildActionMask = 2147483647;
			files = (
				D96C46CF2BD54856000DA2D2 /* WishlistsUITests.swift in Sources */,
				D96C46D12BD54856000DA2D2 /* WishlistsUITestsLaunchTests.swift in Sources */,
			);
			runOnlyForDeploymentPostprocessing = 0;
		};
/* End PBXSourcesBuildPhase section */

/* Begin PBXTargetDependency section */
		D96C46C22BD54856000DA2D2 /* PBXTargetDependency */ = {
			isa = PBXTargetDependency;
			target = D96C46AF2BD54855000DA2D2 /* Wishlists */;
			targetProxy = D96C46C12BD54856000DA2D2 /* PBXContainerItemProxy */;
		};
		D96C46CC2BD54856000DA2D2 /* PBXTargetDependency */ = {
			isa = PBXTargetDependency;
			target = D96C46AF2BD54855000DA2D2 /* Wishlists */;
			targetProxy = D96C46CB2BD54856000DA2D2 /* PBXContainerItemProxy */;
		};
/* End PBXTargetDependency section */

/* Begin XCBuildConfiguration section */
		D96C46D22BD54856000DA2D2 /* Debug */ = {
			isa = XCBuildConfiguration;
			buildSettings = {
				ALWAYS_SEARCH_USER_PATHS = NO;
				ASSETCATALOG_COMPILER_GENERATE_SWIFT_ASSET_SYMBOL_EXTENSIONS = YES;
				CLANG_ANALYZER_NONNULL = YES;
				CLANG_ANALYZER_NUMBER_OBJECT_CONVERSION = YES_AGGRESSIVE;
				CLANG_CXX_LANGUAGE_STANDARD = "gnu++20";
				CLANG_ENABLE_MODULES = YES;
				CLANG_ENABLE_OBJC_ARC = YES;
				CLANG_ENABLE_OBJC_WEAK = YES;
				CLANG_WARN_BLOCK_CAPTURE_AUTORELEASING = YES;
				CLANG_WARN_BOOL_CONVERSION = YES;
				CLANG_WARN_COMMA = YES;
				CLANG_WARN_CONSTANT_CONVERSION = YES;
				CLANG_WARN_DEPRECATED_OBJC_IMPLEMENTATIONS = YES;
				CLANG_WARN_DIRECT_OBJC_ISA_USAGE = YES_ERROR;
				CLANG_WARN_DOCUMENTATION_COMMENTS = YES;
				CLANG_WARN_EMPTY_BODY = YES;
				CLANG_WARN_ENUM_CONVERSION = YES;
				CLANG_WARN_INFINITE_RECURSION = YES;
				CLANG_WARN_INT_CONVERSION = YES;
				CLANG_WARN_NON_LITERAL_NULL_CONVERSION = YES;
				CLANG_WARN_OBJC_IMPLICIT_RETAIN_SELF = YES;
				CLANG_WARN_OBJC_LITERAL_CONVERSION = YES;
				CLANG_WARN_OBJC_ROOT_CLASS = YES_ERROR;
				CLANG_WARN_QUOTED_INCLUDE_IN_FRAMEWORK_HEADER = YES;
				CLANG_WARN_RANGE_LOOP_ANALYSIS = YES;
				CLANG_WARN_STRICT_PROTOTYPES = YES;
				CLANG_WARN_SUSPICIOUS_MOVE = YES;
				CLANG_WARN_UNGUARDED_AVAILABILITY = YES_AGGRESSIVE;
				CLANG_WARN_UNREACHABLE_CODE = YES;
				CLANG_WARN__DUPLICATE_METHOD_MATCH = YES;
				COPY_PHASE_STRIP = NO;
				DEBUG_INFORMATION_FORMAT = dwarf;
				ENABLE_STRICT_OBJC_MSGSEND = YES;
				ENABLE_TESTABILITY = YES;
				ENABLE_USER_SCRIPT_SANDBOXING = YES;
				GCC_C_LANGUAGE_STANDARD = gnu17;
				GCC_DYNAMIC_NO_PIC = NO;
				GCC_NO_COMMON_BLOCKS = YES;
				GCC_OPTIMIZATION_LEVEL = 0;
				GCC_PREPROCESSOR_DEFINITIONS = (
					"DEBUG=1",
					"$(inherited)",
				);
				GCC_WARN_64_TO_32_BIT_CONVERSION = YES;
				GCC_WARN_ABOUT_RETURN_TYPE = YES_ERROR;
				GCC_WARN_UNDECLARED_SELECTOR = YES;
				GCC_WARN_UNINITIALIZED_AUTOS = YES_AGGRESSIVE;
				GCC_WARN_UNUSED_FUNCTION = YES;
				GCC_WARN_UNUSED_VARIABLE = YES;
				IPHONEOS_DEPLOYMENT_TARGET = 17.0;
				LOCALIZATION_PREFERS_STRING_CATALOGS = YES;
				MTL_ENABLE_DEBUG_INFO = INCLUDE_SOURCE;
				MTL_FAST_MATH = YES;
				ONLY_ACTIVE_ARCH = YES;
				SDKROOT = iphoneos;
				SWIFT_ACTIVE_COMPILATION_CONDITIONS = "DEBUG $(inherited)";
				SWIFT_OPTIMIZATION_LEVEL = "-Onone";
			};
			name = Debug;
		};
		D96C46D32BD54856000DA2D2 /* Release */ = {
			isa = XCBuildConfiguration;
			buildSettings = {
				ALWAYS_SEARCH_USER_PATHS = NO;
				ASSETCATALOG_COMPILER_GENERATE_SWIFT_ASSET_SYMBOL_EXTENSIONS = YES;
				CLANG_ANALYZER_NONNULL = YES;
				CLANG_ANALYZER_NUMBER_OBJECT_CONVERSION = YES_AGGRESSIVE;
				CLANG_CXX_LANGUAGE_STANDARD = "gnu++20";
				CLANG_ENABLE_MODULES = YES;
				CLANG_ENABLE_OBJC_ARC = YES;
				CLANG_ENABLE_OBJC_WEAK = YES;
				CLANG_WARN_BLOCK_CAPTURE_AUTORELEASING = YES;
				CLANG_WARN_BOOL_CONVERSION = YES;
				CLANG_WARN_COMMA = YES;
				CLANG_WARN_CONSTANT_CONVERSION = YES;
				CLANG_WARN_DEPRECATED_OBJC_IMPLEMENTATIONS = YES;
				CLANG_WARN_DIRECT_OBJC_ISA_USAGE = YES_ERROR;
				CLANG_WARN_DOCUMENTATION_COMMENTS = YES;
				CLANG_WARN_EMPTY_BODY = YES;
				CLANG_WARN_ENUM_CONVERSION = YES;
				CLANG_WARN_INFINITE_RECURSION = YES;
				CLANG_WARN_INT_CONVERSION = YES;
				CLANG_WARN_NON_LITERAL_NULL_CONVERSION = YES;
				CLANG_WARN_OBJC_IMPLICIT_RETAIN_SELF = YES;
				CLANG_WARN_OBJC_LITERAL_CONVERSION = YES;
				CLANG_WARN_OBJC_ROOT_CLASS = YES_ERROR;
				CLANG_WARN_QUOTED_INCLUDE_IN_FRAMEWORK_HEADER = YES;
				CLANG_WARN_RANGE_LOOP_ANALYSIS = YES;
				CLANG_WARN_STRICT_PROTOTYPES = YES;
				CLANG_WARN_SUSPICIOUS_MOVE = YES;
				CLANG_WARN_UNGUARDED_AVAILABILITY = YES_AGGRESSIVE;
				CLANG_WARN_UNREACHABLE_CODE = YES;
				CLANG_WARN__DUPLICATE_METHOD_MATCH = YES;
				COPY_PHASE_STRIP = NO;
				DEBUG_INFORMATION_FORMAT = "dwarf-with-dsym";
				ENABLE_NS_ASSERTIONS = NO;
				ENABLE_STRICT_OBJC_MSGSEND = YES;
				ENABLE_USER_SCRIPT_SANDBOXING = YES;
				GCC_C_LANGUAGE_STANDARD = gnu17;
				GCC_NO_COMMON_BLOCKS = YES;
				GCC_WARN_64_TO_32_BIT_CONVERSION = YES;
				GCC_WARN_ABOUT_RETURN_TYPE = YES_ERROR;
				GCC_WARN_UNDECLARED_SELECTOR = YES;
				GCC_WARN_UNINITIALIZED_AUTOS = YES_AGGRESSIVE;
				GCC_WARN_UNUSED_FUNCTION = YES;
				GCC_WARN_UNUSED_VARIABLE = YES;
				IPHONEOS_DEPLOYMENT_TARGET = 17.0;
				LOCALIZATION_PREFERS_STRING_CATALOGS = YES;
				MTL_ENABLE_DEBUG_INFO = NO;
				MTL_FAST_MATH = YES;
				SDKROOT = iphoneos;
				SWIFT_COMPILATION_MODE = wholemodule;
				VALIDATE_PRODUCT = YES;
			};
			name = Release;
		};
		D96C46D52BD54856000DA2D2 /* Debug */ = {
			isa = XCBuildConfiguration;
			buildSettings = {
				ASSETCATALOG_COMPILER_APPICON_NAME = AppIcon;
				ASSETCATALOG_COMPILER_GLOBAL_ACCENT_COLOR_NAME = AccentColor;
				CODE_SIGN_STYLE = Automatic;
				CURRENT_PROJECT_VERSION = 1;
				DEVELOPMENT_ASSET_PATHS = "\"Wishlists/Preview Content\"";
				DEVELOPMENT_TEAM = HLDX6SAH8N;
				ENABLE_PREVIEWS = YES;
				GENERATE_INFOPLIST_FILE = YES;
				INFOPLIST_KEY_UIApplicationSceneManifest_Generation = YES;
				INFOPLIST_KEY_UIApplicationSupportsIndirectInputEvents = YES;
				INFOPLIST_KEY_UILaunchScreen_Generation = YES;
				INFOPLIST_KEY_UISupportedInterfaceOrientations_iPad = "UIInterfaceOrientationPortrait UIInterfaceOrientationPortraitUpsideDown UIInterfaceOrientationLandscapeLeft UIInterfaceOrientationLandscapeRight";
				INFOPLIST_KEY_UISupportedInterfaceOrientations_iPhone = "UIInterfaceOrientationPortrait UIInterfaceOrientationLandscapeLeft UIInterfaceOrientationLandscapeRight";
				LD_RUNPATH_SEARCH_PATHS = (
					"$(inherited)",
					"@executable_path/Frameworks",
				);
				MARKETING_VERSION = 1.0;
				PRODUCT_BUNDLE_IDENTIFIER = com.mariannei.Wishlists;
				PRODUCT_NAME = "$(TARGET_NAME)";
				SWIFT_EMIT_LOC_STRINGS = YES;
				SWIFT_VERSION = 5.0;
				TARGETED_DEVICE_FAMILY = "1,2";
			};
			name = Debug;
		};
		D96C46D62BD54856000DA2D2 /* Release */ = {
			isa = XCBuildConfiguration;
			buildSettings = {
				ASSETCATALOG_COMPILER_APPICON_NAME = AppIcon;
				ASSETCATALOG_COMPILER_GLOBAL_ACCENT_COLOR_NAME = AccentColor;
				CODE_SIGN_STYLE = Automatic;
				CURRENT_PROJECT_VERSION = 1;
				DEVELOPMENT_ASSET_PATHS = "\"Wishlists/Preview Content\"";
				DEVELOPMENT_TEAM = HLDX6SAH8N;
				ENABLE_PREVIEWS = YES;
				GENERATE_INFOPLIST_FILE = YES;
				INFOPLIST_KEY_UIApplicationSceneManifest_Generation = YES;
				INFOPLIST_KEY_UIApplicationSupportsIndirectInputEvents = YES;
				INFOPLIST_KEY_UILaunchScreen_Generation = YES;
				INFOPLIST_KEY_UISupportedInterfaceOrientations_iPad = "UIInterfaceOrientationPortrait UIInterfaceOrientationPortraitUpsideDown UIInterfaceOrientationLandscapeLeft UIInterfaceOrientationLandscapeRight";
				INFOPLIST_KEY_UISupportedInterfaceOrientations_iPhone = "UIInterfaceOrientationPortrait UIInterfaceOrientationLandscapeLeft UIInterfaceOrientationLandscapeRight";
				LD_RUNPATH_SEARCH_PATHS = (
					"$(inherited)",
					"@executable_path/Frameworks",
				);
				MARKETING_VERSION = 1.0;
				PRODUCT_BUNDLE_IDENTIFIER = com.mariannei.Wishlists;
				PRODUCT_NAME = "$(TARGET_NAME)";
				SWIFT_EMIT_LOC_STRINGS = YES;
				SWIFT_VERSION = 5.0;
				TARGETED_DEVICE_FAMILY = "1,2";
			};
			name = Release;
		};
		D96C46D82BD54856000DA2D2 /* Debug */ = {
			isa = XCBuildConfiguration;
			buildSettings = {
				ALWAYS_EMBED_SWIFT_STANDARD_LIBRARIES = YES;
				BUNDLE_LOADER = "$(TEST_HOST)";
				CODE_SIGN_STYLE = Automatic;
				CURRENT_PROJECT_VERSION = 1;
				GENERATE_INFOPLIST_FILE = YES;
				IPHONEOS_DEPLOYMENT_TARGET = 17.0;
				MARKETING_VERSION = 1.0;
				PRODUCT_BUNDLE_IDENTIFIER = com.mariannei.WishlistsTests;
				PRODUCT_NAME = "$(TARGET_NAME)";
				SWIFT_EMIT_LOC_STRINGS = NO;
				SWIFT_VERSION = 5.0;
				TARGETED_DEVICE_FAMILY = "1,2";
				TEST_HOST = "$(BUILT_PRODUCTS_DIR)/Wishlists.app/$(BUNDLE_EXECUTABLE_FOLDER_PATH)/Wishlists";
			};
			name = Debug;
		};
		D96C46D92BD54856000DA2D2 /* Release */ = {
			isa = XCBuildConfiguration;
			buildSettings = {
				ALWAYS_EMBED_SWIFT_STANDARD_LIBRARIES = YES;
				BUNDLE_LOADER = "$(TEST_HOST)";
				CODE_SIGN_STYLE = Automatic;
				CURRENT_PROJECT_VERSION = 1;
				GENERATE_INFOPLIST_FILE = YES;
				IPHONEOS_DEPLOYMENT_TARGET = 17.0;
				MARKETING_VERSION = 1.0;
				PRODUCT_BUNDLE_IDENTIFIER = com.mariannei.WishlistsTests;
				PRODUCT_NAME = "$(TARGET_NAME)";
				SWIFT_EMIT_LOC_STRINGS = NO;
				SWIFT_VERSION = 5.0;
				TARGETED_DEVICE_FAMILY = "1,2";
				TEST_HOST = "$(BUILT_PRODUCTS_DIR)/Wishlists.app/$(BUNDLE_EXECUTABLE_FOLDER_PATH)/Wishlists";
			};
			name = Release;
		};
		D96C46DB2BD54856000DA2D2 /* Debug */ = {
			isa = XCBuildConfiguration;
			buildSettings = {
				ALWAYS_EMBED_SWIFT_STANDARD_LIBRARIES = YES;
				CODE_SIGN_STYLE = Automatic;
				CURRENT_PROJECT_VERSION = 1;
				GENERATE_INFOPLIST_FILE = YES;
				MARKETING_VERSION = 1.0;
				PRODUCT_BUNDLE_IDENTIFIER = com.mariannei.WishlistsUITests;
				PRODUCT_NAME = "$(TARGET_NAME)";
				SWIFT_EMIT_LOC_STRINGS = NO;
				SWIFT_VERSION = 5.0;
				TARGETED_DEVICE_FAMILY = "1,2";
				TEST_TARGET_NAME = Wishlists;
			};
			name = Debug;
		};
		D96C46DC2BD54856000DA2D2 /* Release */ = {
			isa = XCBuildConfiguration;
			buildSettings = {
				ALWAYS_EMBED_SWIFT_STANDARD_LIBRARIES = YES;
				CODE_SIGN_STYLE = Automatic;
				CURRENT_PROJECT_VERSION = 1;
				GENERATE_INFOPLIST_FILE = YES;
				MARKETING_VERSION = 1.0;
				PRODUCT_BUNDLE_IDENTIFIER = com.mariannei.WishlistsUITests;
				PRODUCT_NAME = "$(TARGET_NAME)";
				SWIFT_EMIT_LOC_STRINGS = NO;
				SWIFT_VERSION = 5.0;
				TARGETED_DEVICE_FAMILY = "1,2";
				TEST_TARGET_NAME = Wishlists;
			};
			name = Release;
		};
/* End XCBuildConfiguration section */

/* Begin XCConfigurationList section */
		D96C46AB2BD54855000DA2D2 /* Build configuration list for PBXProject "Wishlists" */ = {
			isa = XCConfigurationList;
			buildConfigurations = (
				D96C46D22BD54856000DA2D2 /* Debug */,
				D96C46D32BD54856000DA2D2 /* Release */,
			);
			defaultConfigurationIsVisible = 0;
			defaultConfigurationName = Release;
		};
		D96C46D42BD54856000DA2D2 /* Build configuration list for PBXNativeTarget "Wishlists" */ = {
			isa = XCConfigurationList;
			buildConfigurations = (
				D96C46D52BD54856000DA2D2 /* Debug */,
				D96C46D62BD54856000DA2D2 /* Release */,
			);
			defaultConfigurationIsVisible = 0;
			defaultConfigurationName = Release;
		};
		D96C46D72BD54856000DA2D2 /* Build configuration list for PBXNativeTarget "WishlistsTests" */ = {
			isa = XCConfigurationList;
			buildConfigurations = (
				D96C46D82BD54856000DA2D2 /* Debug */,
				D96C46D92BD54856000DA2D2 /* Release */,
			);
			defaultConfigurationIsVisible = 0;
			defaultConfigurationName = Release;
		};
		D96C46DA2BD54856000DA2D2 /* Build configuration list for PBXNativeTarget "WishlistsUITests" */ = {
			isa = XCConfigurationList;
			buildConfigurations = (
				D96C46DB2BD54856000DA2D2 /* Debug */,
				D96C46DC2BD54856000DA2D2 /* Release */,
			);
			defaultConfigurationIsVisible = 0;
			defaultConfigurationName = Release;
		};
/* End XCConfigurationList section */
	};
	rootObject = D96C46A82BD54855000DA2D2 /* Project object */;
}
